
Microsoft Visual Studio Solution File, Format Version 12.00
# Visual Studio 15
VisualStudioVersion = 15.0.27130.2010
MinimumVisualStudioVersion = 10.0.40219.1
Project("{FAE04EC0-301F-11D3-BF4B-00C04F79EFBC}") = "Common.Functions.RunCommandLineTool", "Common.Functions.RunCommandLineTool\Common.Functions.RunCommandLineTool.csproj", "{786BEF19-4963-460E-8819-5F85350AA409}"
EndProject
Global
	GlobalSection(SolutionConfigurationPlatforms) = preSolution
		Debug|Any CPU = Debug|Any CPU
		Release|Any CPU = Release|Any CPU
	EndGlobalSection
	GlobalSection(ProjectConfigurationPlatforms) = postSolution
		{786BEF19-4963-460E-8819-5F85350AA409}.Debug|Any CPU.ActiveCfg = Debug|Any CPU
		{786BEF19-4963-460E-8819-5F85350AA409}.Debug|Any CPU.Build.0 = Debug|Any CPU
		{786BEF19-4963-460E-8819-5F85350AA409}.Release|Any CPU.ActiveCfg = Release|Any CPU
		{786BEF19-4963-460E-8819-5F85350AA409}.Release|Any CPU.Build.0 = Release|Any CPU
	EndGlobalSection
	GlobalSection(SolutionProperties) = preSolution
		HideSolutionNode = FALSE
	EndGlobalSection
	GlobalSection(ExtensibilityGlobals) = postSolution
		SolutionGuid = {DBF7F756-B494-441D-B9B7-08CAAE18D11D}
	EndGlobalSection
EndGlobal
